
Microsoft Visual Studio Solution File, Format Version 12.00
# Visual Studio Version 16
VisualStudioVersion = 16.0.30804.86
MinimumVisualStudioVersion = 10.0.40219.1
Project("{8BC9CEB8-8B4A-11D0-8D11-00A0C91BC942}") = "ProjectCave", "ProCave\ProCave.vcxproj", "{EFA0177F-C384-4830-B57F-E86E82D3FC87}"
	ProjectSection(ProjectDependencies) = postProject
		{4B96AF56-0067-4D6D-B08F-8F911BE06DEE} = {4B96AF56-0067-4D6D-B08F-8F911BE06DEE}
		{732A99C9-F152-4F29-B98C-D2EB362B98BE} = {732A99C9-F152-4F29-B98C-D2EB362B98BE}
		{5C7CB6CF-D05B-4ADE-8159-FB4F8325B4FE} = {5C7CB6CF-D05B-4ADE-8159-FB4F8325B4FE}
		{0607CDFF-327D-451E-8F06-234C27E72AEA} = {0607CDFF-327D-451E-8F06-234C27E72AEA}
	EndProjectSection
EndProject
Project("{2150E333-8FDC-42A3-9474-1A3956D46DE8}") = "ThirdParty", "ThirdParty", "{B416D3FF-9EFF-4905-9373-8F0E92B17675}"
EndProject
Project("{8BC9CEB8-8B4A-11D0-8D11-00A0C91BC942}") = "Gainput", "ThirdParty\Gainput\Gainput.vcxproj", "{4B96AF56-0067-4D6D-B08F-8F911BE06DEE}"
EndProject
Project("{8BC9CEB8-8B4A-11D0-8D11-00A0C91BC942}") = "Spdlog", "ThirdParty\Spdlog\Spdlog.vcxproj", "{5C7CB6CF-D05B-4ADE-8159-FB4F8325B4FE}"
EndProject
Project("{8BC9CEB8-8B4A-11D0-8D11-00A0C91BC942}") = "Imgui", "ThirdParty\imgui\Imgui.vcxproj", "{0607CDFF-327D-451E-8F06-234C27E72AEA}"
EndProject
Project("{8BC9CEB8-8B4A-11D0-8D11-00A0C91BC942}") = "Framework", "Framework\Framework.vcxproj", "{732A99C9-F152-4F29-B98C-D2EB362B98BE}"
EndProject
Global
	GlobalSection(SolutionConfigurationPlatforms) = preSolution
		Debug|x64 = Debug|x64
		Debug|x86 = Debug|x86
		Release|x64 = Release|x64
		Release|x86 = Release|x86
	EndGlobalSection
	GlobalSection(ProjectConfigurationPlatforms) = postSolution
		{EFA0177F-C384-4830-B57F-E86E82D3FC87}.Debug|x64.ActiveCfg = Debug|x64
		{EFA0177F-C384-4830-B57F-E86E82D3FC87}.Debug|x64.Build.0 = Debug|x64
		{EFA0177F-C384-4830-B57F-E86E82D3FC87}.Debug|x86.ActiveCfg = Debug|Win32
		{EFA0177F-C384-4830-B57F-E86E82D3FC87}.Debug|x86.Build.0 = Debug|Win32
		{EFA0177F-C384-4830-B57F-E86E82D3FC87}.Release|x64.ActiveCfg = Release|x64
		{EFA0177F-C384-4830-B57F-E86E82D3FC87}.Release|x64.Build.0 = Release|x64
		{EFA0177F-C384-4830-B57F-E86E82D3FC87}.Release|x86.ActiveCfg = Release|Win32
		{EFA0177F-C384-4830-B57F-E86E82D3FC87}.Release|x86.Build.0 = Release|Win32
		{4B96AF56-0067-4D6D-B08F-8F911BE06DEE}.Debug|x64.ActiveCfg = Debug|x64
		{4B96AF56-0067-4D6D-B08F-8F911BE06DEE}.Debug|x64.Build.0 = Debug|x64
		{4B96AF56-0067-4D6D-B08F-8F911BE06DEE}.Debug|x86.ActiveCfg = Debug|Win32
		{4B96AF56-0067-4D6D-B08F-8F911BE06DEE}.Debug|x86.Build.0 = Debug|Win32
		{4B96AF56-0067-4D6D-B08F-8F911BE06DEE}.Release|x64.ActiveCfg = Release|x64
		{4B96AF56-0067-4D6D-B08F-8F911BE06DEE}.Release|x64.Build.0 = Release|x64
		{4B96AF56-0067-4D6D-B08F-8F911BE06DEE}.Release|x86.ActiveCfg = Release|Win32
		{4B96AF56-0067-4D6D-B08F-8F911BE06DEE}.Release|x86.Build.0 = Release|Win32
		{5C7CB6CF-D05B-4ADE-8159-FB4F8325B4FE}.Debug|x64.ActiveCfg = Debug|x64
		{5C7CB6CF-D05B-4ADE-8159-FB4F8325B4FE}.Debug|x64.Build.0 = Debug|x64
		{5C7CB6CF-D05B-4ADE-8159-FB4F8325B4FE}.Debug|x86.ActiveCfg = Debug|Win32
		{5C7CB6CF-D05B-4ADE-8159-FB4F8325B4FE}.Debug|x86.Build.0 = Debug|Win32
		{5C7CB6CF-D05B-4ADE-8159-FB4F8325B4FE}.Release|x64.ActiveCfg = Release|x64
		{5C7CB6CF-D05B-4ADE-8159-FB4F8325B4FE}.Release|x64.Build.0 = Release|x64
		{5C7CB6CF-D05B-4ADE-8159-FB4F8325B4FE}.Release|x86.ActiveCfg = Release|Win32
		{5C7CB6CF-D05B-4ADE-8159-FB4F8325B4FE}.Release|x86.Build.0 = Release|Win32
		{0607CDFF-327D-451E-8F06-234C27E72AEA}.Debug|x64.ActiveCfg = Debug|x64
		{0607CDFF-327D-451E-8F06-234C27E72AEA}.Debug|x64.Build.0 = Debug|x64
		{0607CDFF-327D-451E-8F06-234C27E72AEA}.Debug|x86.ActiveCfg = Debug|Win32
		{0607CDFF-327D-451E-8F06-234C27E72AEA}.Debug|x86.Build.0 = Debug|Win32
		{0607CDFF-327D-451E-8F06-234C27E72AEA}.Release|x64.ActiveCfg = Release|x64
		{0607CDFF-327D-451E-8F06-234C27E72AEA}.Release|x64.Build.0 = Release|x64
		{0607CDFF-327D-451E-8F06-234C27E72AEA}.Release|x86.ActiveCfg = Release|Win32
		{0607CDFF-327D-451E-8F06-234C27E72AEA}.Release|x86.Build.0 = Release|Win32
		{732A99C9-F152-4F29-B98C-D2EB362B98BE}.Debug|x64.ActiveCfg = Debug|x64
		{732A99C9-F152-4F29-B98C-D2EB362B98BE}.Debug|x64.Build.0 = Debug|x64
		{732A99C9-F152-4F29-B98C-D2EB362B98BE}.Debug|x86.ActiveCfg = Debug|Win32
		{732A99C9-F152-4F29-B98C-D2EB362B98BE}.Debug|x86.Build.0 = Debug|Win32
		{732A99C9-F152-4F29-B98C-D2EB362B98BE}.Release|x64.ActiveCfg = Release|x64
		{732A99C9-F152-4F29-B98C-D2EB362B98BE}.Release|x64.Build.0 = Release|x64
		{732A99C9-F152-4F29-B98C-D2EB362B98BE}.Release|x86.ActiveCfg = Release|Win32
		{732A99C9-F152-4F29-B98C-D2EB362B98BE}.Release|x86.Build.0 = Release|Win32
	EndGlobalSection
	GlobalSection(SolutionProperties) = preSolution
		HideSolutionNode = FALSE
	EndGlobalSection
	GlobalSection(NestedProjects) = preSolution
		{4B96AF56-0067-4D6D-B08F-8F911BE06DEE} = {B416D3FF-9EFF-4905-9373-8F0E92B17675}
		{5C7CB6CF-D05B-4ADE-8159-FB4F8325B4FE} = {B416D3FF-9EFF-4905-9373-8F0E92B17675}
		{0607CDFF-327D-451E-8F06-234C27E72AEA} = {B416D3FF-9EFF-4905-9373-8F0E92B17675}
	EndGlobalSection
	GlobalSection(ExtensibilityGlobals) = postSolution
		SolutionGuid = {CF649A31-1424-425E-AF97-5E41CA1D5D4B}
	EndGlobalSection
EndGlobal
